
Microsoft Visual Studio Solution File, Format Version 12.00
# Visual Studio Version 17
VisualStudioVersion = 17.9.34723.18
MinimumVisualStudioVersion = 10.0.40219.1
Project("{8BC9CEB8-8B4A-11D0-8D11-00A0C91BC942}") = "cudaPT", "cudaPT.vcxproj", "{73F0137C-70BF-4C35-A301-9F974F453B8D}"
EndProject
Global
	GlobalSection(SolutionConfigurationPlatforms) = preSolution
		Debug|x64 = Debug|x64
		Release|x64 = Release|x64
	EndGlobalSection
	GlobalSection(ProjectConfigurationPlatforms) = postSolution
		{73F0137C-70BF-4C35-A301-9F974F453B8D}.Debug|x64.ActiveCfg = Debug|x64
		{73F0137C-70BF-4C35-A301-9F974F453B8D}.Debug|x64.Build.0 = Debug|x64
		{73F0137C-70BF-4C35-A301-9F974F453B8D}.Release|x64.ActiveCfg = Release|x64
		{73F0137C-70BF-4C35-A301-9F974F453B8D}.Release|x64.Build.0 = Release|x64
	EndGlobalSection
	GlobalSection(SolutionProperties) = preSolution
		HideSolutionNode = FALSE
	EndGlobalSection
	GlobalSection(ExtensibilityGlobals) = postSolution
		SolutionGuid = {3153E8A6-8685-484F-990D-198BD13DA4DF}
	EndGlobalSection
EndGlobal
